
Microsoft Visual Studio Solution File, Format Version 12.00
# Visual Studio Version 17
VisualStudioVersion = 17.9.34701.34
MinimumVisualStudioVersion = 10.0.40219.1
Project("{FAE04EC0-301F-11D3-BF4B-00C04F79EFBC}") = "BDO_Bahar_FinalProjesi", "BDO_Bahar_FinalProjesi.csproj", "{1849BCEF-E76C-4CFE-98DE-D6AA246EF9FE}"
EndProject
Global
	GlobalSection(SolutionConfigurationPlatforms) = preSolution
		Debug|Any CPU = Debug|Any CPU
		Release|Any CPU = Release|Any CPU
	EndGlobalSection
	GlobalSection(ProjectConfigurationPlatforms) = postSolution
		{1849BCEF-E76C-4CFE-98DE-D6AA246EF9FE}.Debug|Any CPU.ActiveCfg = Debug|Any CPU
		{1849BCEF-E76C-4CFE-98DE-D6AA246EF9FE}.Debug|Any CPU.Build.0 = Debug|Any CPU
		{1849BCEF-E76C-4CFE-98DE-D6AA246EF9FE}.Release|Any CPU.ActiveCfg = Release|Any CPU
		{1849BCEF-E76C-4CFE-98DE-D6AA246EF9FE}.Release|Any CPU.Build.0 = Release|Any CPU
	EndGlobalSection
	GlobalSection(SolutionProperties) = preSolution
		HideSolutionNode = FALSE
	EndGlobalSection
	GlobalSection(ExtensibilityGlobals) = postSolution
		SolutionGuid = {93C0F585-0D3F-4ADE-AC1E-E53EAC0B833E}
	EndGlobalSection
EndGlobal
